
Microsoft Visual Studio Solution File, Format Version 12.00
# Visual Studio Version 16
VisualStudioVersion = 16.0.32002.261
MinimumVisualStudioVersion = 10.0.40219.1
Project("{8BC9CEB8-8B4A-11D0-8D11-00A0C91BC942}") = "TEST_Server_0225", "TEST_Server_0225.vcxproj", "{EA40ACD5-E823-4B5B-9465-6EF65BBEF1FB}"
EndProject
Global
	GlobalSection(SolutionConfigurationPlatforms) = preSolution
		Debug|x64 = Debug|x64
		Debug|x86 = Debug|x86
		Release|x64 = Release|x64
		Release|x86 = Release|x86
	EndGlobalSection
	GlobalSection(ProjectConfigurationPlatforms) = postSolution
		{EA40ACD5-E823-4B5B-9465-6EF65BBEF1FB}.Debug|x64.ActiveCfg = Debug|x64
		{EA40ACD5-E823-4B5B-9465-6EF65BBEF1FB}.Debug|x64.Build.0 = Debug|x64
		{EA40ACD5-E823-4B5B-9465-6EF65BBEF1FB}.Debug|x86.ActiveCfg = Debug|Win32
		{EA40ACD5-E823-4B5B-9465-6EF65BBEF1FB}.Debug|x86.Build.0 = Debug|Win32
		{EA40ACD5-E823-4B5B-9465-6EF65BBEF1FB}.Release|x64.ActiveCfg = Release|x64
		{EA40ACD5-E823-4B5B-9465-6EF65BBEF1FB}.Release|x64.Build.0 = Release|x64
		{EA40ACD5-E823-4B5B-9465-6EF65BBEF1FB}.Release|x86.ActiveCfg = Release|Win32
		{EA40ACD5-E823-4B5B-9465-6EF65BBEF1FB}.Release|x86.Build.0 = Release|Win32
	EndGlobalSection
	GlobalSection(SolutionProperties) = preSolution
		HideSolutionNode = FALSE
	EndGlobalSection
	GlobalSection(ExtensibilityGlobals) = postSolution
		SolutionGuid = {DBFD1DED-60F9-4EC4-B51C-D4F8F06E9831}
	EndGlobalSection
EndGlobal
